
Microsoft Visual Studio Solution File, Format Version 12.00
# Visual Studio Version 16
VisualStudioVersion = 16.0.31702.278
MinimumVisualStudioVersion = 10.0.40219.1
Project("{FAE04EC0-301F-11D3-BF4B-00C04F79EFBC}") = "ClassTutorial", "ClassTutorial\ClassTutorial.csproj", "{2A686C3F-4B72-49DE-8D82-4FBFF6CB789F}"
EndProject
Global
	GlobalSection(SolutionConfigurationPlatforms) = preSolution
		Debug|Any CPU = Debug|Any CPU
		Release|Any CPU = Release|Any CPU
	EndGlobalSection
	GlobalSection(ProjectConfigurationPlatforms) = postSolution
		{2A686C3F-4B72-49DE-8D82-4FBFF6CB789F}.Debug|Any CPU.ActiveCfg = Debug|Any CPU
		{2A686C3F-4B72-49DE-8D82-4FBFF6CB789F}.Debug|Any CPU.Build.0 = Debug|Any CPU
		{2A686C3F-4B72-49DE-8D82-4FBFF6CB789F}.Release|Any CPU.ActiveCfg = Release|Any CPU
		{2A686C3F-4B72-49DE-8D82-4FBFF6CB789F}.Release|Any CPU.Build.0 = Release|Any CPU
	EndGlobalSection
	GlobalSection(SolutionProperties) = preSolution
		HideSolutionNode = FALSE
	EndGlobalSection
	GlobalSection(ExtensibilityGlobals) = postSolution
		SolutionGuid = {BA34185E-AC5A-4CCF-A548-458FD59F642B}
	EndGlobalSection
EndGlobal
